
Microsoft Visual Studio Solution File, Format Version 12.00
# Visual Studio Version 17
VisualStudioVersion = 17.3.32901.215
MinimumVisualStudioVersion = 10.0.40219.1
Project("{FAE04EC0-301F-11D3-BF4B-00C04F79EFBC}") = "VehicleDemo", "VehicleDemo.csproj", "{1AD02A4C-D2EA-4EA9-877E-C1584440C480}"
EndProject
Global
	GlobalSection(SolutionConfigurationPlatforms) = preSolution
		Debug|Any CPU = Debug|Any CPU
		Release|Any CPU = Release|Any CPU
	EndGlobalSection
	GlobalSection(ProjectConfigurationPlatforms) = postSolution
		{1AD02A4C-D2EA-4EA9-877E-C1584440C480}.Debug|Any CPU.ActiveCfg = Debug|Any CPU
		{1AD02A4C-D2EA-4EA9-877E-C1584440C480}.Debug|Any CPU.Build.0 = Debug|Any CPU
		{1AD02A4C-D2EA-4EA9-877E-C1584440C480}.Release|Any CPU.ActiveCfg = Release|Any CPU
		{1AD02A4C-D2EA-4EA9-877E-C1584440C480}.Release|Any CPU.Build.0 = Release|Any CPU
	EndGlobalSection
	GlobalSection(SolutionProperties) = preSolution
		HideSolutionNode = FALSE
	EndGlobalSection
	GlobalSection(ExtensibilityGlobals) = postSolution
		SolutionGuid = {7D265BAB-6003-4183-9C35-A738B2FBD093}
	EndGlobalSection
EndGlobal
