
Microsoft Visual Studio Solution File, Format Version 12.00
# Visual Studio Version 16
VisualStudioVersion = 16.0.32802.440
MinimumVisualStudioVersion = 10.0.40219.1
Project("{FAE04EC0-301F-11D3-BF4B-00C04F79EFBC}") = "StaticCvMVC", "StaticCvMVC\StaticCvMVC.csproj", "{5A820B8A-5C7B-4FC0-982B-CEE24425BB9D}"
EndProject
Global
	GlobalSection(SolutionConfigurationPlatforms) = preSolution
		Debug|Any CPU = Debug|Any CPU
		Release|Any CPU = Release|Any CPU
	EndGlobalSection
	GlobalSection(ProjectConfigurationPlatforms) = postSolution
		{5A820B8A-5C7B-4FC0-982B-CEE24425BB9D}.Debug|Any CPU.ActiveCfg = Debug|Any CPU
		{5A820B8A-5C7B-4FC0-982B-CEE24425BB9D}.Debug|Any CPU.Build.0 = Debug|Any CPU
		{5A820B8A-5C7B-4FC0-982B-CEE24425BB9D}.Release|Any CPU.ActiveCfg = Release|Any CPU
		{5A820B8A-5C7B-4FC0-982B-CEE24425BB9D}.Release|Any CPU.Build.0 = Release|Any CPU
	EndGlobalSection
	GlobalSection(SolutionProperties) = preSolution
		HideSolutionNode = FALSE
	EndGlobalSection
	GlobalSection(ExtensibilityGlobals) = postSolution
		SolutionGuid = {01615456-69BE-40E9-A665-8EC16CA91926}
	EndGlobalSection
EndGlobal
